
Microsoft Visual Studio Solution File, Format Version 12.00
# Visual Studio Version 16
VisualStudioVersion = 16.0.29411.138
MinimumVisualStudioVersion = 10.0.40219.1
Project("{FAE04EC0-301F-11D3-BF4B-00C04F79EFBC}") = "WindowsFormsApp6", "WindowsFormsApp6\WindowsFormsApp6.csproj", "{5C4F2839-A027-4113-AD8A-D8911C4B4BF9}"
EndProject
Project("{FAE04EC0-301F-11D3-BF4B-00C04F79EFBC}") = "mAXS_gORN", "mAXS_gORN\mAXS_gORN.csproj", "{6A2069AA-50D3-4253-931A-8C239ABA6FE4}"
EndProject
Global
	GlobalSection(SolutionConfigurationPlatforms) = preSolution
		Debug|Any CPU = Debug|Any CPU
		Release|Any CPU = Release|Any CPU
	EndGlobalSection
	GlobalSection(ProjectConfigurationPlatforms) = postSolution
		{5C4F2839-A027-4113-AD8A-D8911C4B4BF9}.Debug|Any CPU.ActiveCfg = Debug|Any CPU
		{5C4F2839-A027-4113-AD8A-D8911C4B4BF9}.Debug|Any CPU.Build.0 = Debug|Any CPU
		{5C4F2839-A027-4113-AD8A-D8911C4B4BF9}.Release|Any CPU.ActiveCfg = Release|Any CPU
		{5C4F2839-A027-4113-AD8A-D8911C4B4BF9}.Release|Any CPU.Build.0 = Release|Any CPU
		{6A2069AA-50D3-4253-931A-8C239ABA6FE4}.Debug|Any CPU.ActiveCfg = Debug|Any CPU
		{6A2069AA-50D3-4253-931A-8C239ABA6FE4}.Debug|Any CPU.Build.0 = Debug|Any CPU
		{6A2069AA-50D3-4253-931A-8C239ABA6FE4}.Release|Any CPU.ActiveCfg = Release|Any CPU
		{6A2069AA-50D3-4253-931A-8C239ABA6FE4}.Release|Any CPU.Build.0 = Release|Any CPU
	EndGlobalSection
	GlobalSection(SolutionProperties) = preSolution
		HideSolutionNode = FALSE
	EndGlobalSection
	GlobalSection(ExtensibilityGlobals) = postSolution
		SolutionGuid = {DF0C9B99-BCBD-4C9A-9F84-F7AF4C7CE82D}
	EndGlobalSection
EndGlobal
